
Microsoft Visual Studio Solution File, Format Version 12.00
# Visual Studio Version 16
VisualStudioVersion = 16.0.30011.22
MinimumVisualStudioVersion = 10.0.40219.1
Project("{FAE04EC0-301F-11D3-BF4B-00C04F79EFBC}") = "ClassLibraryHuman", "ClassLibraryHuman\ClassLibraryHuman.csproj", "{CD834E47-1C42-43C5-958C-3280B8CC2E95}"
EndProject
Global
	GlobalSection(SolutionConfigurationPlatforms) = preSolution
		Debug|Any CPU = Debug|Any CPU
		Release|Any CPU = Release|Any CPU
	EndGlobalSection
	GlobalSection(ProjectConfigurationPlatforms) = postSolution
		{CD834E47-1C42-43C5-958C-3280B8CC2E95}.Debug|Any CPU.ActiveCfg = Debug|Any CPU
		{CD834E47-1C42-43C5-958C-3280B8CC2E95}.Debug|Any CPU.Build.0 = Debug|Any CPU
		{CD834E47-1C42-43C5-958C-3280B8CC2E95}.Release|Any CPU.ActiveCfg = Release|Any CPU
		{CD834E47-1C42-43C5-958C-3280B8CC2E95}.Release|Any CPU.Build.0 = Release|Any CPU
	EndGlobalSection
	GlobalSection(SolutionProperties) = preSolution
		HideSolutionNode = FALSE
	EndGlobalSection
	GlobalSection(ExtensibilityGlobals) = postSolution
		SolutionGuid = {830227CF-9A7C-479F-9BB2-3C68F749E884}
	EndGlobalSection
EndGlobal
